{
  "name": "Demo_of_libs",
  "lockfileVersion": 2,
  "requires": true,
  "packages": {
    "": {
      "dependencies": {
        "libraries": "file:..\\libs"
      }
    },
    "../libs": {
      "version": "1.0.0",
      "license": "MIT"
    },
    "node_modules/libraries": {
      "resolved": "../libs",
      "link": true
    }
  },
  "dependencies": {
    "libraries": {
      "version": "file:../libs"
    }
  }
}
