{
  "name": "my-libs",
  "version": "2.9.0",
  "lockfileVersion": 2,
  "requires": true,
  "packages": {
    "": {
      "name": "my-libs",
      "version": "2.9.0",
      "license": "MIT",
      "dependencies": {
        "geographiclib": "^1.51.0",
        "spacetime": "^6.12.5"
      }
    },
    "node_modules/geographiclib": {
      "version": "1.51.0",
      "resolved": "https://registry.npmjs.org/geographiclib/-/geographiclib-1.51.0.tgz",
      "integrity": "sha512-jKiLJm1n3gsSOoly2Vh12TCoKYF3VFBUU9ZaGKW9I0xuDY3ym/LhFSnuKodlQ8B4zfXa/RT/cNEaO87KxtRJZQ=="
    },
    "node_modules/spacetime": {
      "version": "6.12.5",
      "resolved": "https://registry.npmjs.org/spacetime/-/spacetime-6.12.5.tgz",
      "integrity": "sha512-6TZXbkG23RCpu6L955rLH3SaPoFpl75dB/lumRnop8VTNf6Ui9S+Bn0p8Hwv6xEXKSYTxNCj4avTuoVEyWNwIg=="
    }
  },
  "dependencies": {
    "geographiclib": {
      "version": "1.51.0",
      "resolved": "https://registry.npmjs.org/geographiclib/-/geographiclib-1.51.0.tgz",
      "integrity": "sha512-jKiLJm1n3gsSOoly2Vh12TCoKYF3VFBUU9ZaGKW9I0xuDY3ym/LhFSnuKodlQ8B4zfXa/RT/cNEaO87KxtRJZQ=="
    },
    "spacetime": {
      "version": "6.12.5",
      "resolved": "https://registry.npmjs.org/spacetime/-/spacetime-6.12.5.tgz",
      "integrity": "sha512-6TZXbkG23RCpu6L955rLH3SaPoFpl75dB/lumRnop8VTNf6Ui9S+Bn0p8Hwv6xEXKSYTxNCj4avTuoVEyWNwIg=="
    }
  }
}
