{
  "name": "math",
  "lockfileVersion": 2,
  "requires": true,
  "packages": {
    "": {
      "dependencies": {
        "@danilosampaio/numbers": "^1.0.2",
        "@rayyamhk/complex": "^1.0.12",
        "algebra.js": "^0.2.6",
        "calculy": "^3.1.1",
        "ella-math": "^0.4.5",
        "equationjs": "^0.0.21",
        "improved-math": "^1.0.7",
        "math-pkg-cmplx": "^1.2.2"
      }
    },
    "node_modules/@danilosampaio/numbers": {
      "version": "1.0.2",
      "resolved": "https://registry.npmjs.org/@danilosampaio/numbers/-/numbers-1.0.2.tgz",
      "integrity": "sha512-c68K3lH4DJAEvCIhCHX6QsYQZxYa98pdYwaF7jQyQB/fwUcT6OJ24ntEYY7uAlXrI+BqhUVb6RwCzAc9AMVwEA=="
    },
    "node_modules/@rayyamhk/complex": {
      "version": "1.0.12",
      "resolved": "https://registry.npmjs.org/@rayyamhk/complex/-/complex-1.0.12.tgz",
      "integrity": "sha512-UWvzpf+38nl0M5+ocRIyRvAodW+qLa5LaxECRmcnT6PQxhpkMHAE6E32+qu+YM3iYj+JpVo26glgu3xGkoef0w=="
    },
    "node_modules/algebra.js": {
      "version": "0.2.6",
      "resolved": "https://registry.npmjs.org/algebra.js/-/algebra.js-0.2.6.tgz",
      "integrity": "sha1-I6rMhvhjTkwgbVbIB37yIKYiHHQ="
    },
    "node_modules/calculy": {
      "version": "3.1.1",
      "resolved": "https://registry.npmjs.org/calculy/-/calculy-3.1.1.tgz",
      "integrity": "sha512-9uQYembMXAR0mjeSatmyB3hOBTgkpvr9WyzIef01sfiA04XF/mrwEzEQF0YzlKxr2i4k1aLKItqRUiTtmqqXJQ=="
    },
    "node_modules/ella-math": {
      "version": "0.4.5",
      "resolved": "https://registry.npmjs.org/ella-math/-/ella-math-0.4.5.tgz",
      "integrity": "sha512-+hVZxiX6gWI62EMbLvTvQfVZWkDix+LUIWlUX0wqUQyh1rbAMqC1E/QEr51Sjk14Cq9tZLzGtlvCLVVcTwasQg=="
    },
    "node_modules/equationjs": {
      "version": "0.0.21",
      "resolved": "https://registry.npmjs.org/equationjs/-/equationjs-0.0.21.tgz",
      "integrity": "sha512-WWXgGiI2TEowwtI2n+wQJLz9tEEi4iETOnmlnmqfGPXjqi7QbD/a7xGtLdfEb09Jy1jPhLfWlElwU8BRZKFJ9A=="
    },
    "node_modules/improved-math": {
      "version": "1.0.7",
      "resolved": "https://registry.npmjs.org/improved-math/-/improved-math-1.0.7.tgz",
      "integrity": "sha512-rc4GzdPxHuvahRtyOEjRDkAjxsDlfzsl75IfscvIRxHBgR57lk8onZXxf0JwBTJdctggIIjUvT2Ljubn9dmwDA==",
      "dependencies": {
        "seedrandom": "^3.0.5"
      }
    },
    "node_modules/math-pkg-cmplx": {
      "version": "1.2.2",
      "resolved": "https://registry.npmjs.org/math-pkg-cmplx/-/math-pkg-cmplx-1.2.2.tgz",
      "integrity": "sha512-3ZkKwdXSacnPn4fmR/MQt5iAOmNxJDiRphtti+REdL3nzCq6n6kx6aS+pA1sxUihQ8oHY/uVdguIhnFw3OKl4g=="
    },
    "node_modules/seedrandom": {
      "version": "3.0.5",
      "resolved": "https://registry.npmjs.org/seedrandom/-/seedrandom-3.0.5.tgz",
      "integrity": "sha512-8OwmbklUNzwezjGInmZ+2clQmExQPvomqjL7LFqOYqtmuxRgQYqOD3mHaU+MvZn5FLUeVxVfQjwLZW/n/JFuqg=="
    }
  },
  "dependencies": {
    "@danilosampaio/numbers": {
      "version": "1.0.2",
      "resolved": "https://registry.npmjs.org/@danilosampaio/numbers/-/numbers-1.0.2.tgz",
      "integrity": "sha512-c68K3lH4DJAEvCIhCHX6QsYQZxYa98pdYwaF7jQyQB/fwUcT6OJ24ntEYY7uAlXrI+BqhUVb6RwCzAc9AMVwEA=="
    },
    "@rayyamhk/complex": {
      "version": "1.0.12",
      "resolved": "https://registry.npmjs.org/@rayyamhk/complex/-/complex-1.0.12.tgz",
      "integrity": "sha512-UWvzpf+38nl0M5+ocRIyRvAodW+qLa5LaxECRmcnT6PQxhpkMHAE6E32+qu+YM3iYj+JpVo26glgu3xGkoef0w=="
    },
    "algebra.js": {
      "version": "0.2.6",
      "resolved": "https://registry.npmjs.org/algebra.js/-/algebra.js-0.2.6.tgz",
      "integrity": "sha1-I6rMhvhjTkwgbVbIB37yIKYiHHQ="
    },
    "calculy": {
      "version": "3.1.1",
      "resolved": "https://registry.npmjs.org/calculy/-/calculy-3.1.1.tgz",
      "integrity": "sha512-9uQYembMXAR0mjeSatmyB3hOBTgkpvr9WyzIef01sfiA04XF/mrwEzEQF0YzlKxr2i4k1aLKItqRUiTtmqqXJQ=="
    },
    "ella-math": {
      "version": "0.4.5",
      "resolved": "https://registry.npmjs.org/ella-math/-/ella-math-0.4.5.tgz",
      "integrity": "sha512-+hVZxiX6gWI62EMbLvTvQfVZWkDix+LUIWlUX0wqUQyh1rbAMqC1E/QEr51Sjk14Cq9tZLzGtlvCLVVcTwasQg=="
    },
    "equationjs": {
      "version": "0.0.21",
      "resolved": "https://registry.npmjs.org/equationjs/-/equationjs-0.0.21.tgz",
      "integrity": "sha512-WWXgGiI2TEowwtI2n+wQJLz9tEEi4iETOnmlnmqfGPXjqi7QbD/a7xGtLdfEb09Jy1jPhLfWlElwU8BRZKFJ9A=="
    },
    "improved-math": {
      "version": "1.0.7",
      "resolved": "https://registry.npmjs.org/improved-math/-/improved-math-1.0.7.tgz",
      "integrity": "sha512-rc4GzdPxHuvahRtyOEjRDkAjxsDlfzsl75IfscvIRxHBgR57lk8onZXxf0JwBTJdctggIIjUvT2Ljubn9dmwDA==",
      "requires": {
        "seedrandom": "^3.0.5"
      }
    },
    "math-pkg-cmplx": {
      "version": "1.2.2",
      "resolved": "https://registry.npmjs.org/math-pkg-cmplx/-/math-pkg-cmplx-1.2.2.tgz",
      "integrity": "sha512-3ZkKwdXSacnPn4fmR/MQt5iAOmNxJDiRphtti+REdL3nzCq6n6kx6aS+pA1sxUihQ8oHY/uVdguIhnFw3OKl4g=="
    },
    "seedrandom": {
      "version": "3.0.5",
      "resolved": "https://registry.npmjs.org/seedrandom/-/seedrandom-3.0.5.tgz",
      "integrity": "sha512-8OwmbklUNzwezjGInmZ+2clQmExQPvomqjL7LFqOYqtmuxRgQYqOD3mHaU+MvZn5FLUeVxVfQjwLZW/n/JFuqg=="
    }
  }
}
